
Microsoft Visual Studio Solution File, Format Version 12.00
# Visual Studio Version 17
VisualStudioVersion = 17.5.33424.131
MinimumVisualStudioVersion = 10.0.40219.1
Project("{9A19103F-16F7-4668-BE54-9A1E7A4F7556}") = "ElectricSlit", "ElectricSlit\ElectricSlit.csproj", "{56D9754B-6E56-40EB-B25B-BA9E26EFEEFD}"
EndProject
Project("{FAE04EC0-301F-11D3-BF4B-00C04F79EFBC}") = "MotorAPIPlus", "MotorTestDemo\MotorAPIPlus\MotorAPIPlus.csproj", "{E394360E-6C6C-44D0-B973-4691CE09CC4C}"
EndProject
Project("{9A19103F-16F7-4668-BE54-9A1E7A4F7556}") = "MotorTestDemo", "MotorTestDemo\MotorTestDemo\MotorTestDemo.csproj", "{0F48EABB-5D5E-4113-9251-93DEE8313625}"
EndProject
Global
	GlobalSection(SolutionConfigurationPlatforms) = preSolution
		Debug|Any CPU = Debug|Any CPU
		Release|Any CPU = Release|Any CPU
	EndGlobalSection
	GlobalSection(ProjectConfigurationPlatforms) = postSolution
		{56D9754B-6E56-40EB-B25B-BA9E26EFEEFD}.Debug|Any CPU.ActiveCfg = Debug|Any CPU
		{56D9754B-6E56-40EB-B25B-BA9E26EFEEFD}.Debug|Any CPU.Build.0 = Debug|Any CPU
		{56D9754B-6E56-40EB-B25B-BA9E26EFEEFD}.Release|Any CPU.ActiveCfg = Release|Any CPU
		{56D9754B-6E56-40EB-B25B-BA9E26EFEEFD}.Release|Any CPU.Build.0 = Release|Any CPU
		{E394360E-6C6C-44D0-B973-4691CE09CC4C}.Debug|Any CPU.ActiveCfg = Debug|Any CPU
		{E394360E-6C6C-44D0-B973-4691CE09CC4C}.Debug|Any CPU.Build.0 = Debug|Any CPU
		{E394360E-6C6C-44D0-B973-4691CE09CC4C}.Release|Any CPU.ActiveCfg = Release|Any CPU
		{E394360E-6C6C-44D0-B973-4691CE09CC4C}.Release|Any CPU.Build.0 = Release|Any CPU
		{0F48EABB-5D5E-4113-9251-93DEE8313625}.Debug|Any CPU.ActiveCfg = Debug|Any CPU
		{0F48EABB-5D5E-4113-9251-93DEE8313625}.Debug|Any CPU.Build.0 = Debug|Any CPU
		{0F48EABB-5D5E-4113-9251-93DEE8313625}.Release|Any CPU.ActiveCfg = Release|Any CPU
		{0F48EABB-5D5E-4113-9251-93DEE8313625}.Release|Any CPU.Build.0 = Release|Any CPU
	EndGlobalSection
	GlobalSection(SolutionProperties) = preSolution
		HideSolutionNode = FALSE
	EndGlobalSection
	GlobalSection(ExtensibilityGlobals) = postSolution
		SolutionGuid = {A49FF1AF-2C02-4183-A32D-F211E5EDB04D}
	EndGlobalSection
EndGlobal
